
Microsoft Visual Studio Solution File, Format Version 12.00
# Visual Studio Version 17
VisualStudioVersion = 17.13.35806.99 d17.13
MinimumVisualStudioVersion = 10.0.40219.1
Project("{8BC9CEB8-8B4A-11D0-8D11-00A0C91BC942}") = "Sandbox", "Sandbox\Sandbox.vcxproj", "{B2F29A6F-51C4-472A-A8AE-B303F6E7EF23}"
EndProject
Project("{8BC9CEB8-8B4A-11D0-8D11-00A0C91BC942}") = "Decay", "Decay\Decay.vcxproj", "{9BDB4452-1136-49FF-A75C-F2D0FF9B976D}"
EndProject
Global
	GlobalSection(SolutionConfigurationPlatforms) = preSolution
		Debug|x64 = Debug|x64
		Release|x64 = Release|x64
	EndGlobalSection
	GlobalSection(ProjectConfigurationPlatforms) = postSolution
		{9BDB4452-1136-49FF-A75C-F2D0FF9B976D}.Debug|x64.ActiveCfg = Debug|x64
		{9BDB4452-1136-49FF-A75C-F2D0FF9B976D}.Debug|x64.Build.0 = Debug|x64
		{9BDB4452-1136-49FF-A75C-F2D0FF9B976D}.Release|x64.ActiveCfg = Release|x64
		{9BDB4452-1136-49FF-A75C-F2D0FF9B976D}.Release|x64.Build.0 = Release|x64
		{B2F29A6F-51C4-472A-A8AE-B303F6E7EF23}.Debug|x64.ActiveCfg = Debug|x64
		{B2F29A6F-51C4-472A-A8AE-B303F6E7EF23}.Debug|x64.Build.0 = Debug|x64
		{B2F29A6F-51C4-472A-A8AE-B303F6E7EF23}.Release|x64.ActiveCfg = Release|x64
		{B2F29A6F-51C4-472A-A8AE-B303F6E7EF23}.Release|x64.Build.0 = Release|x64
	EndGlobalSection
	GlobalSection(SolutionProperties) = preSolution
		HideSolutionNode = FALSE
	EndGlobalSection
	GlobalSection(ExtensibilityGlobals) = postSolution
		SolutionGuid = {8EA8BADB-24D0-4E82-8152-75F66808A316}
	EndGlobalSection
EndGlobal
